
Microsoft Visual Studio Solution File, Format Version 12.00
# Visual Studio Version 16
VisualStudioVersion = 16.0.29230.47
MinimumVisualStudioVersion = 10.0.40219.1
Project("{FAE04EC0-301F-11D3-BF4B-00C04F79EFBC}") = "RJ45Port", "RJ45Port\RJ45Port.csproj", "{80100C5F-0EED-41D8-B60F-5648B7974039}"
EndProject
Global
	GlobalSection(SolutionConfigurationPlatforms) = preSolution
		Debug|Any CPU = Debug|Any CPU
		Release|Any CPU = Release|Any CPU
	EndGlobalSection
	GlobalSection(ProjectConfigurationPlatforms) = postSolution
		{80100C5F-0EED-41D8-B60F-5648B7974039}.Debug|Any CPU.ActiveCfg = Debug|Any CPU
		{80100C5F-0EED-41D8-B60F-5648B7974039}.Debug|Any CPU.Build.0 = Debug|Any CPU
		{80100C5F-0EED-41D8-B60F-5648B7974039}.Release|Any CPU.ActiveCfg = Release|Any CPU
		{80100C5F-0EED-41D8-B60F-5648B7974039}.Release|Any CPU.Build.0 = Release|Any CPU
	EndGlobalSection
	GlobalSection(SolutionProperties) = preSolution
		HideSolutionNode = FALSE
	EndGlobalSection
	GlobalSection(ExtensibilityGlobals) = postSolution
		SolutionGuid = {AFC7F96C-E9A6-4A0D-A81D-A4FFC2B179C2}
	EndGlobalSection
EndGlobal
